
Microsoft Visual Studio Solution File, Format Version 12.00
# Visual Studio Version 17
VisualStudioVersion = 17.5.002.0
MinimumVisualStudioVersion = 10.0.40219.1
Project("{9A19103F-16F7-4668-BE54-9A1E7A4F7556}") = "minimal-api", "minimal-api.csproj", "{A497B896-70A2-45AF-AA84-9A7A6260887D}"
EndProject
Global
	GlobalSection(SolutionConfigurationPlatforms) = preSolution
		Debug|Any CPU = Debug|Any CPU
		Release|Any CPU = Release|Any CPU
	EndGlobalSection
	GlobalSection(ProjectConfigurationPlatforms) = postSolution
		{A497B896-70A2-45AF-AA84-9A7A6260887D}.Debug|Any CPU.ActiveCfg = Debug|Any CPU
		{A497B896-70A2-45AF-AA84-9A7A6260887D}.Debug|Any CPU.Build.0 = Debug|Any CPU
		{A497B896-70A2-45AF-AA84-9A7A6260887D}.Release|Any CPU.ActiveCfg = Release|Any CPU
		{A497B896-70A2-45AF-AA84-9A7A6260887D}.Release|Any CPU.Build.0 = Release|Any CPU
	EndGlobalSection
	GlobalSection(SolutionProperties) = preSolution
		HideSolutionNode = FALSE
	EndGlobalSection
	GlobalSection(ExtensibilityGlobals) = postSolution
		SolutionGuid = {379B3B1D-D6C8-4744-8D06-13D2AC811BFA}
	EndGlobalSection
EndGlobal
